
Microsoft Visual Studio Solution File, Format Version 12.00
# Visual Studio 14
VisualStudioVersion = 14.0.25420.1
MinimumVisualStudioVersion = 10.0.40219.1
Project("{2150E333-8FDC-42A3-9474-1A3956D46DE8}") = "src", "src", "{0FE2676D-CCFF-4897-B5A1-9D20B0D60270}"
EndProject
Project("{2150E333-8FDC-42A3-9474-1A3956D46DE8}") = "Solution Items", "Solution Items", "{0BBD2847-5DFD-4FAE-86E2-8B3B69581253}"
	ProjectSection(SolutionItems) = preProject
		global.json = global.json
	EndProjectSection
EndProject
Project("{8BB2217D-0F2D-49D1-97BC-3654ED321F3B}") = "Kong.Master.Presentation", "src\Kong.Master.Presentation\Kong.Master.Presentation.xproj", "{097E62BC-B020-455E-9A0F-F630956379C1}"
EndProject
Project("{8BB2217D-0F2D-49D1-97BC-3654ED321F3B}") = "Kong.Master.Application.Dto", "src\Kong.Master.Application.Dto\Kong.Master.Application.Dto.xproj", "{426D9ED5-D056-4671-8B19-8F7411804F80}"
EndProject
Project("{8BB2217D-0F2D-49D1-97BC-3654ED321F3B}") = "Kong.Master.Application.Services", "src\Kong.Master.Application.Services\Kong.Master.Application.Services.xproj", "{E75FE03E-2B3B-4037-B850-293A7C0F550E}"
EndProject
Global
	GlobalSection(SolutionConfigurationPlatforms) = preSolution
		Debug|Any CPU = Debug|Any CPU
		Release|Any CPU = Release|Any CPU
	EndGlobalSection
	GlobalSection(ProjectConfigurationPlatforms) = postSolution
		{097E62BC-B020-455E-9A0F-F630956379C1}.Debug|Any CPU.ActiveCfg = Debug|Any CPU
		{097E62BC-B020-455E-9A0F-F630956379C1}.Debug|Any CPU.Build.0 = Debug|Any CPU
		{097E62BC-B020-455E-9A0F-F630956379C1}.Release|Any CPU.ActiveCfg = Release|Any CPU
		{097E62BC-B020-455E-9A0F-F630956379C1}.Release|Any CPU.Build.0 = Release|Any CPU
		{426D9ED5-D056-4671-8B19-8F7411804F80}.Debug|Any CPU.ActiveCfg = Debug|Any CPU
		{426D9ED5-D056-4671-8B19-8F7411804F80}.Debug|Any CPU.Build.0 = Debug|Any CPU
		{426D9ED5-D056-4671-8B19-8F7411804F80}.Release|Any CPU.ActiveCfg = Release|Any CPU
		{426D9ED5-D056-4671-8B19-8F7411804F80}.Release|Any CPU.Build.0 = Release|Any CPU
		{E75FE03E-2B3B-4037-B850-293A7C0F550E}.Debug|Any CPU.ActiveCfg = Debug|Any CPU
		{E75FE03E-2B3B-4037-B850-293A7C0F550E}.Debug|Any CPU.Build.0 = Debug|Any CPU
		{E75FE03E-2B3B-4037-B850-293A7C0F550E}.Release|Any CPU.ActiveCfg = Release|Any CPU
		{E75FE03E-2B3B-4037-B850-293A7C0F550E}.Release|Any CPU.Build.0 = Release|Any CPU
	EndGlobalSection
	GlobalSection(SolutionProperties) = preSolution
		HideSolutionNode = FALSE
	EndGlobalSection
	GlobalSection(NestedProjects) = preSolution
		{097E62BC-B020-455E-9A0F-F630956379C1} = {0FE2676D-CCFF-4897-B5A1-9D20B0D60270}
		{426D9ED5-D056-4671-8B19-8F7411804F80} = {0FE2676D-CCFF-4897-B5A1-9D20B0D60270}
		{E75FE03E-2B3B-4037-B850-293A7C0F550E} = {0FE2676D-CCFF-4897-B5A1-9D20B0D60270}
	EndGlobalSection
EndGlobal
